
Microsoft Visual Studio Solution File, Format Version 12.00
# Visual Studio 14
VisualStudioVersion = 14.0.24720.0
MinimumVisualStudioVersion = 10.0.40219.1
Project("{2150E333-8FDC-42A3-9474-1A3956D46DE8}") = ".nuget", ".nuget", "{DFA48E27-7D53-4955-A722-3D91A7119BE7}"
	ProjectSection(SolutionItems) = preProject
		.nuget\NuGet.Config = .nuget\NuGet.Config
		.nuget\NuGet.exe = .nuget\NuGet.exe
		.nuget\NuGet.targets = .nuget\NuGet.targets
	EndProjectSection
EndProject
Project("{FAE04EC0-301F-11D3-BF4B-00C04F79EFBC}") = "CH.Spartan.Core", "CH.Spartan.Core\CH.Spartan.Core.csproj", "{17298EA0-AF73-4F30-B6F1-2066100D7D74}"
EndProject
Project("{FAE04EC0-301F-11D3-BF4B-00C04F79EFBC}") = "CH.Spartan.EntityFramework", "CH.Spartan.EntityFramework\CH.Spartan.EntityFramework.csproj", "{3979F157-DEB0-4878-AB1D-4CEF6B5A1300}"
EndProject
Project("{FAE04EC0-301F-11D3-BF4B-00C04F79EFBC}") = "CH.Spartan.WebApi", "CH.Spartan.WebApi\CH.Spartan.WebApi.csproj", "{5EB52D3D-09FD-463A-B02A-8D9856BD3724}"
EndProject
Project("{FAE04EC0-301F-11D3-BF4B-00C04F79EFBC}") = "CH.Spartan.Web", "CH.Spartan.Web\CH.Spartan.Web.csproj", "{404A6D3B-AA85-4E4C-AEEE-1E5026D5F135}"
EndProject
Project("{2150E333-8FDC-42A3-9474-1A3956D46DE8}") = "Test", "Test", "{7E85C7E5-70BD-4C9D-B052-D95955F46609}"
EndProject
Project("{FAE04EC0-301F-11D3-BF4B-00C04F79EFBC}") = "CH.Spartan.Tests", "Tests\CH.Spartan.Tests\CH.Spartan.Tests.csproj", "{C602C47E-F379-40A3-A146-4F19105B3491}"
EndProject
Project("{2150E333-8FDC-42A3-9474-1A3956D46DE8}") = "Abp", "Abp", "{81798566-C078-436D-BD13-EC7B1B3A1568}"
EndProject
Project("{FAE04EC0-301F-11D3-BF4B-00C04F79EFBC}") = "Abp", "Abp\Abp\Abp.csproj", "{2C221D3B-5F54-4C5B-8082-318636415132}"
EndProject
Project("{FAE04EC0-301F-11D3-BF4B-00C04F79EFBC}") = "Abp.AutoMapper", "Abp\Abp.AutoMapper\Abp.AutoMapper.csproj", "{06EB5F7C-B974-4775-A305-F175D645F7C9}"
EndProject
Project("{FAE04EC0-301F-11D3-BF4B-00C04F79EFBC}") = "Abp.EntityFramework", "Abp\Abp.EntityFramework\Abp.EntityFramework.csproj", "{948F0CAF-3382-4E03-9A0F-0DDB206FE40D}"
EndProject
Project("{FAE04EC0-301F-11D3-BF4B-00C04F79EFBC}") = "Abp.FluentMigrator", "Abp\Abp.FluentMigrator\Abp.FluentMigrator.csproj", "{908717CC-C284-4C88-A13C-32B62674845D}"
EndProject
Project("{FAE04EC0-301F-11D3-BF4B-00C04F79EFBC}") = "Abp.HangFire", "Abp\Abp.HangFire\Abp.HangFire.csproj", "{58A5158C-C78B-4451-BFD8-FFC31D48D713}"
EndProject
Project("{FAE04EC0-301F-11D3-BF4B-00C04F79EFBC}") = "Abp.MemoryDb", "Abp\Abp.MemoryDb\Abp.MemoryDb.csproj", "{4DF45D0E-A50F-4FD0-8B4D-2548B256994F}"
EndProject
Project("{FAE04EC0-301F-11D3-BF4B-00C04F79EFBC}") = "Abp.Owin", "Abp\Abp.Owin\Abp.Owin.csproj", "{5D471C86-838F-4BDC-AF9F-C95E8FA4E977}"
EndProject
Project("{FAE04EC0-301F-11D3-BF4B-00C04F79EFBC}") = "Abp.RedisCache", "Abp\Abp.RedisCache\Abp.RedisCache.csproj", "{F4A8466E-4E68-4D6F-81D4-7F0892B9B5E0}"
EndProject
Project("{FAE04EC0-301F-11D3-BF4B-00C04F79EFBC}") = "Abp.Web", "Abp\Abp.Web\Abp.Web.csproj", "{D37C09D8-2F18-4F0B-A4D3-7A12C124E070}"
EndProject
Project("{FAE04EC0-301F-11D3-BF4B-00C04F79EFBC}") = "Abp.Web.Api", "Abp\Abp.Web.Api\Abp.Web.Api.csproj", "{71962F97-5E4B-465C-9A21-2153D31992CF}"
EndProject
Project("{FAE04EC0-301F-11D3-BF4B-00C04F79EFBC}") = "Abp.Web.Api.OData", "Abp\Abp.Web.Api.OData\Abp.Web.Api.OData.csproj", "{99E64448-0F7C-4E5B-9373-289EC4B2F256}"
EndProject
Project("{FAE04EC0-301F-11D3-BF4B-00C04F79EFBC}") = "Abp.Web.Mvc", "Abp\Abp.Web.Mvc\Abp.Web.Mvc.csproj", "{78FC0C9B-C5A9-4900-9A46-A8F544AC5343}"
EndProject
Project("{FAE04EC0-301F-11D3-BF4B-00C04F79EFBC}") = "Abp.Web.Resources", "Abp\Abp.Web.Resources\Abp.Web.Resources.csproj", "{9003DDA9-1DD5-41A1-B907-6F378767C441}"
EndProject
Project("{FAE04EC0-301F-11D3-BF4B-00C04F79EFBC}") = "Abp.Web.SignalR", "Abp\Abp.Web.SignalR\Abp.Web.SignalR.csproj", "{613D9120-C28D-4898-ACAA-1A3CFCF0DDD1}"
EndProject
Project("{FAE04EC0-301F-11D3-BF4B-00C04F79EFBC}") = "Abp.Zero", "Abp\Abp.Zero\Abp.Zero.csproj", "{70D916F2-9BFF-43DA-B3F7-3E0655114D48}"
EndProject
Project("{FAE04EC0-301F-11D3-BF4B-00C04F79EFBC}") = "Abp.Zero.EntityFramework", "Abp\Abp.Zero.EntityFramework\Abp.Zero.EntityFramework.csproj", "{B728E703-345B-4553-A8B0-B28BB6738688}"
EndProject
Project("{FAE04EC0-301F-11D3-BF4B-00C04F79EFBC}") = "Abp.Zero.Ldap", "Abp\Abp.Zero.Ldap\Abp.Zero.Ldap.csproj", "{587409A2-2470-4CC4-8F81-DB0A2B3E57A5}"
EndProject
Project("{FAE04EC0-301F-11D3-BF4B-00C04F79EFBC}") = "CH.Spartan.Application", "CH.Spartan.Application\CH.Spartan.Application.csproj", "{EDF5D964-4C0F-4F19-B674-58A38A5E5401}"
EndProject
Global
	GlobalSection(SolutionConfigurationPlatforms) = preSolution
		Debug|Any CPU = Debug|Any CPU
		Release|Any CPU = Release|Any CPU
	EndGlobalSection
	GlobalSection(ProjectConfigurationPlatforms) = postSolution
		{17298EA0-AF73-4F30-B6F1-2066100D7D74}.Debug|Any CPU.ActiveCfg = Debug|Any CPU
		{17298EA0-AF73-4F30-B6F1-2066100D7D74}.Debug|Any CPU.Build.0 = Debug|Any CPU
		{17298EA0-AF73-4F30-B6F1-2066100D7D74}.Release|Any CPU.ActiveCfg = Release|Any CPU
		{17298EA0-AF73-4F30-B6F1-2066100D7D74}.Release|Any CPU.Build.0 = Release|Any CPU
		{3979F157-DEB0-4878-AB1D-4CEF6B5A1300}.Debug|Any CPU.ActiveCfg = Debug|Any CPU
		{3979F157-DEB0-4878-AB1D-4CEF6B5A1300}.Debug|Any CPU.Build.0 = Debug|Any CPU
		{3979F157-DEB0-4878-AB1D-4CEF6B5A1300}.Release|Any CPU.ActiveCfg = Release|Any CPU
		{3979F157-DEB0-4878-AB1D-4CEF6B5A1300}.Release|Any CPU.Build.0 = Release|Any CPU
		{5EB52D3D-09FD-463A-B02A-8D9856BD3724}.Debug|Any CPU.ActiveCfg = Debug|Any CPU
		{5EB52D3D-09FD-463A-B02A-8D9856BD3724}.Debug|Any CPU.Build.0 = Debug|Any CPU
		{5EB52D3D-09FD-463A-B02A-8D9856BD3724}.Release|Any CPU.ActiveCfg = Release|Any CPU
		{5EB52D3D-09FD-463A-B02A-8D9856BD3724}.Release|Any CPU.Build.0 = Release|Any CPU
		{404A6D3B-AA85-4E4C-AEEE-1E5026D5F135}.Debug|Any CPU.ActiveCfg = Debug|Any CPU
		{404A6D3B-AA85-4E4C-AEEE-1E5026D5F135}.Debug|Any CPU.Build.0 = Debug|Any CPU
		{404A6D3B-AA85-4E4C-AEEE-1E5026D5F135}.Release|Any CPU.ActiveCfg = Release|Any CPU
		{404A6D3B-AA85-4E4C-AEEE-1E5026D5F135}.Release|Any CPU.Build.0 = Release|Any CPU
		{C602C47E-F379-40A3-A146-4F19105B3491}.Debug|Any CPU.ActiveCfg = Debug|Any CPU
		{C602C47E-F379-40A3-A146-4F19105B3491}.Debug|Any CPU.Build.0 = Debug|Any CPU
		{C602C47E-F379-40A3-A146-4F19105B3491}.Release|Any CPU.ActiveCfg = Release|Any CPU
		{C602C47E-F379-40A3-A146-4F19105B3491}.Release|Any CPU.Build.0 = Release|Any CPU
		{2C221D3B-5F54-4C5B-8082-318636415132}.Debug|Any CPU.ActiveCfg = Debug|Any CPU
		{2C221D3B-5F54-4C5B-8082-318636415132}.Debug|Any CPU.Build.0 = Debug|Any CPU
		{2C221D3B-5F54-4C5B-8082-318636415132}.Release|Any CPU.ActiveCfg = Release|Any CPU
		{2C221D3B-5F54-4C5B-8082-318636415132}.Release|Any CPU.Build.0 = Release|Any CPU
		{06EB5F7C-B974-4775-A305-F175D645F7C9}.Debug|Any CPU.ActiveCfg = Debug|Any CPU
		{06EB5F7C-B974-4775-A305-F175D645F7C9}.Debug|Any CPU.Build.0 = Debug|Any CPU
		{06EB5F7C-B974-4775-A305-F175D645F7C9}.Release|Any CPU.ActiveCfg = Release|Any CPU
		{06EB5F7C-B974-4775-A305-F175D645F7C9}.Release|Any CPU.Build.0 = Release|Any CPU
		{948F0CAF-3382-4E03-9A0F-0DDB206FE40D}.Debug|Any CPU.ActiveCfg = Debug|Any CPU
		{948F0CAF-3382-4E03-9A0F-0DDB206FE40D}.Debug|Any CPU.Build.0 = Debug|Any CPU
		{948F0CAF-3382-4E03-9A0F-0DDB206FE40D}.Release|Any CPU.ActiveCfg = Release|Any CPU
		{948F0CAF-3382-4E03-9A0F-0DDB206FE40D}.Release|Any CPU.Build.0 = Release|Any CPU
		{908717CC-C284-4C88-A13C-32B62674845D}.Debug|Any CPU.ActiveCfg = Debug|Any CPU
		{908717CC-C284-4C88-A13C-32B62674845D}.Debug|Any CPU.Build.0 = Debug|Any CPU
		{908717CC-C284-4C88-A13C-32B62674845D}.Release|Any CPU.ActiveCfg = Release|Any CPU
		{908717CC-C284-4C88-A13C-32B62674845D}.Release|Any CPU.Build.0 = Release|Any CPU
		{58A5158C-C78B-4451-BFD8-FFC31D48D713}.Debug|Any CPU.ActiveCfg = Debug|Any CPU
		{58A5158C-C78B-4451-BFD8-FFC31D48D713}.Debug|Any CPU.Build.0 = Debug|Any CPU
		{58A5158C-C78B-4451-BFD8-FFC31D48D713}.Release|Any CPU.ActiveCfg = Release|Any CPU
		{58A5158C-C78B-4451-BFD8-FFC31D48D713}.Release|Any CPU.Build.0 = Release|Any CPU
		{4DF45D0E-A50F-4FD0-8B4D-2548B256994F}.Debug|Any CPU.ActiveCfg = Debug|Any CPU
		{4DF45D0E-A50F-4FD0-8B4D-2548B256994F}.Debug|Any CPU.Build.0 = Debug|Any CPU
		{4DF45D0E-A50F-4FD0-8B4D-2548B256994F}.Release|Any CPU.ActiveCfg = Release|Any CPU
		{4DF45D0E-A50F-4FD0-8B4D-2548B256994F}.Release|Any CPU.Build.0 = Release|Any CPU
		{5D471C86-838F-4BDC-AF9F-C95E8FA4E977}.Debug|Any CPU.ActiveCfg = Debug|Any CPU
		{5D471C86-838F-4BDC-AF9F-C95E8FA4E977}.Debug|Any CPU.Build.0 = Debug|Any CPU
		{5D471C86-838F-4BDC-AF9F-C95E8FA4E977}.Release|Any CPU.ActiveCfg = Release|Any CPU
		{5D471C86-838F-4BDC-AF9F-C95E8FA4E977}.Release|Any CPU.Build.0 = Release|Any CPU
		{F4A8466E-4E68-4D6F-81D4-7F0892B9B5E0}.Debug|Any CPU.ActiveCfg = Debug|Any CPU
		{F4A8466E-4E68-4D6F-81D4-7F0892B9B5E0}.Debug|Any CPU.Build.0 = Debug|Any CPU
		{F4A8466E-4E68-4D6F-81D4-7F0892B9B5E0}.Release|Any CPU.ActiveCfg = Release|Any CPU
		{F4A8466E-4E68-4D6F-81D4-7F0892B9B5E0}.Release|Any CPU.Build.0 = Release|Any CPU
		{D37C09D8-2F18-4F0B-A4D3-7A12C124E070}.Debug|Any CPU.ActiveCfg = Debug|Any CPU
		{D37C09D8-2F18-4F0B-A4D3-7A12C124E070}.Debug|Any CPU.Build.0 = Debug|Any CPU
		{D37C09D8-2F18-4F0B-A4D3-7A12C124E070}.Release|Any CPU.ActiveCfg = Release|Any CPU
		{D37C09D8-2F18-4F0B-A4D3-7A12C124E070}.Release|Any CPU.Build.0 = Release|Any CPU
		{71962F97-5E4B-465C-9A21-2153D31992CF}.Debug|Any CPU.ActiveCfg = Debug|Any CPU
		{71962F97-5E4B-465C-9A21-2153D31992CF}.Debug|Any CPU.Build.0 = Debug|Any CPU
		{71962F97-5E4B-465C-9A21-2153D31992CF}.Release|Any CPU.ActiveCfg = Release|Any CPU
		{71962F97-5E4B-465C-9A21-2153D31992CF}.Release|Any CPU.Build.0 = Release|Any CPU
		{99E64448-0F7C-4E5B-9373-289EC4B2F256}.Debug|Any CPU.ActiveCfg = Debug|Any CPU
		{99E64448-0F7C-4E5B-9373-289EC4B2F256}.Debug|Any CPU.Build.0 = Debug|Any CPU
		{99E64448-0F7C-4E5B-9373-289EC4B2F256}.Release|Any CPU.ActiveCfg = Release|Any CPU
		{99E64448-0F7C-4E5B-9373-289EC4B2F256}.Release|Any CPU.Build.0 = Release|Any CPU
		{78FC0C9B-C5A9-4900-9A46-A8F544AC5343}.Debug|Any CPU.ActiveCfg = Debug|Any CPU
		{78FC0C9B-C5A9-4900-9A46-A8F544AC5343}.Debug|Any CPU.Build.0 = Debug|Any CPU
		{78FC0C9B-C5A9-4900-9A46-A8F544AC5343}.Release|Any CPU.ActiveCfg = Release|Any CPU
		{78FC0C9B-C5A9-4900-9A46-A8F544AC5343}.Release|Any CPU.Build.0 = Release|Any CPU
		{9003DDA9-1DD5-41A1-B907-6F378767C441}.Debug|Any CPU.ActiveCfg = Debug|Any CPU
		{9003DDA9-1DD5-41A1-B907-6F378767C441}.Debug|Any CPU.Build.0 = Debug|Any CPU
		{9003DDA9-1DD5-41A1-B907-6F378767C441}.Release|Any CPU.ActiveCfg = Release|Any CPU
		{9003DDA9-1DD5-41A1-B907-6F378767C441}.Release|Any CPU.Build.0 = Release|Any CPU
		{613D9120-C28D-4898-ACAA-1A3CFCF0DDD1}.Debug|Any CPU.ActiveCfg = Debug|Any CPU
		{613D9120-C28D-4898-ACAA-1A3CFCF0DDD1}.Debug|Any CPU.Build.0 = Debug|Any CPU
		{613D9120-C28D-4898-ACAA-1A3CFCF0DDD1}.Release|Any CPU.ActiveCfg = Release|Any CPU
		{613D9120-C28D-4898-ACAA-1A3CFCF0DDD1}.Release|Any CPU.Build.0 = Release|Any CPU
		{70D916F2-9BFF-43DA-B3F7-3E0655114D48}.Debug|Any CPU.ActiveCfg = Debug|Any CPU
		{70D916F2-9BFF-43DA-B3F7-3E0655114D48}.Debug|Any CPU.Build.0 = Debug|Any CPU
		{70D916F2-9BFF-43DA-B3F7-3E0655114D48}.Release|Any CPU.ActiveCfg = Release|Any CPU
		{70D916F2-9BFF-43DA-B3F7-3E0655114D48}.Release|Any CPU.Build.0 = Release|Any CPU
		{B728E703-345B-4553-A8B0-B28BB6738688}.Debug|Any CPU.ActiveCfg = Debug|Any CPU
		{B728E703-345B-4553-A8B0-B28BB6738688}.Debug|Any CPU.Build.0 = Debug|Any CPU
		{B728E703-345B-4553-A8B0-B28BB6738688}.Release|Any CPU.ActiveCfg = Release|Any CPU
		{B728E703-345B-4553-A8B0-B28BB6738688}.Release|Any CPU.Build.0 = Release|Any CPU
		{587409A2-2470-4CC4-8F81-DB0A2B3E57A5}.Debug|Any CPU.ActiveCfg = Debug|Any CPU
		{587409A2-2470-4CC4-8F81-DB0A2B3E57A5}.Debug|Any CPU.Build.0 = Debug|Any CPU
		{587409A2-2470-4CC4-8F81-DB0A2B3E57A5}.Release|Any CPU.ActiveCfg = Release|Any CPU
		{587409A2-2470-4CC4-8F81-DB0A2B3E57A5}.Release|Any CPU.Build.0 = Release|Any CPU
		{EDF5D964-4C0F-4F19-B674-58A38A5E5401}.Debug|Any CPU.ActiveCfg = Debug|Any CPU
		{EDF5D964-4C0F-4F19-B674-58A38A5E5401}.Debug|Any CPU.Build.0 = Debug|Any CPU
		{EDF5D964-4C0F-4F19-B674-58A38A5E5401}.Release|Any CPU.ActiveCfg = Release|Any CPU
		{EDF5D964-4C0F-4F19-B674-58A38A5E5401}.Release|Any CPU.Build.0 = Release|Any CPU
	EndGlobalSection
	GlobalSection(SolutionProperties) = preSolution
		HideSolutionNode = FALSE
	EndGlobalSection
	GlobalSection(NestedProjects) = preSolution
		{C602C47E-F379-40A3-A146-4F19105B3491} = {7E85C7E5-70BD-4C9D-B052-D95955F46609}
		{2C221D3B-5F54-4C5B-8082-318636415132} = {81798566-C078-436D-BD13-EC7B1B3A1568}
		{06EB5F7C-B974-4775-A305-F175D645F7C9} = {81798566-C078-436D-BD13-EC7B1B3A1568}
		{948F0CAF-3382-4E03-9A0F-0DDB206FE40D} = {81798566-C078-436D-BD13-EC7B1B3A1568}
		{908717CC-C284-4C88-A13C-32B62674845D} = {81798566-C078-436D-BD13-EC7B1B3A1568}
		{58A5158C-C78B-4451-BFD8-FFC31D48D713} = {81798566-C078-436D-BD13-EC7B1B3A1568}
		{4DF45D0E-A50F-4FD0-8B4D-2548B256994F} = {81798566-C078-436D-BD13-EC7B1B3A1568}
		{5D471C86-838F-4BDC-AF9F-C95E8FA4E977} = {81798566-C078-436D-BD13-EC7B1B3A1568}
		{F4A8466E-4E68-4D6F-81D4-7F0892B9B5E0} = {81798566-C078-436D-BD13-EC7B1B3A1568}
		{D37C09D8-2F18-4F0B-A4D3-7A12C124E070} = {81798566-C078-436D-BD13-EC7B1B3A1568}
		{71962F97-5E4B-465C-9A21-2153D31992CF} = {81798566-C078-436D-BD13-EC7B1B3A1568}
		{99E64448-0F7C-4E5B-9373-289EC4B2F256} = {81798566-C078-436D-BD13-EC7B1B3A1568}
		{78FC0C9B-C5A9-4900-9A46-A8F544AC5343} = {81798566-C078-436D-BD13-EC7B1B3A1568}
		{9003DDA9-1DD5-41A1-B907-6F378767C441} = {81798566-C078-436D-BD13-EC7B1B3A1568}
		{613D9120-C28D-4898-ACAA-1A3CFCF0DDD1} = {81798566-C078-436D-BD13-EC7B1B3A1568}
		{70D916F2-9BFF-43DA-B3F7-3E0655114D48} = {81798566-C078-436D-BD13-EC7B1B3A1568}
		{B728E703-345B-4553-A8B0-B28BB6738688} = {81798566-C078-436D-BD13-EC7B1B3A1568}
		{587409A2-2470-4CC4-8F81-DB0A2B3E57A5} = {81798566-C078-436D-BD13-EC7B1B3A1568}
	EndGlobalSection
EndGlobal
